
Microsoft Visual Studio Solution File, Format Version 12.00
# Visual Studio 15
VisualStudioVersion = 15.0.27130.2010
MinimumVisualStudioVersion = 10.0.40219.1
Project("{FAE04EC0-301F-11D3-BF4B-00C04F79EFBC}") = "TddCourse", "TddCourse\TddCourse.csproj", "{762A35C2-7A40-4CF3-84E8-EBF5DD4D9683}"
EndProject
Project("{FAE04EC0-301F-11D3-BF4B-00C04F79EFBC}") = "TddCourse.Tests.Unit", "TddCourse.Tests.Unit\TddCourse.Tests.Unit.csproj", "{522D0DE4-A98F-4F75-956F-CE6FC05D5FBC}"
EndProject
Global
	GlobalSection(SolutionConfigurationPlatforms) = preSolution
		Debug|Any CPU = Debug|Any CPU
		Release|Any CPU = Release|Any CPU
	EndGlobalSection
	GlobalSection(ProjectConfigurationPlatforms) = postSolution
		{762A35C2-7A40-4CF3-84E8-EBF5DD4D9683}.Debug|Any CPU.ActiveCfg = Debug|Any CPU
		{762A35C2-7A40-4CF3-84E8-EBF5DD4D9683}.Debug|Any CPU.Build.0 = Debug|Any CPU
		{762A35C2-7A40-4CF3-84E8-EBF5DD4D9683}.Release|Any CPU.ActiveCfg = Release|Any CPU
		{762A35C2-7A40-4CF3-84E8-EBF5DD4D9683}.Release|Any CPU.Build.0 = Release|Any CPU
		{522D0DE4-A98F-4F75-956F-CE6FC05D5FBC}.Debug|Any CPU.ActiveCfg = Debug|Any CPU
		{522D0DE4-A98F-4F75-956F-CE6FC05D5FBC}.Debug|Any CPU.Build.0 = Debug|Any CPU
		{522D0DE4-A98F-4F75-956F-CE6FC05D5FBC}.Release|Any CPU.ActiveCfg = Release|Any CPU
		{522D0DE4-A98F-4F75-956F-CE6FC05D5FBC}.Release|Any CPU.Build.0 = Release|Any CPU
	EndGlobalSection
	GlobalSection(SolutionProperties) = preSolution
		HideSolutionNode = FALSE
	EndGlobalSection
	GlobalSection(ExtensibilityGlobals) = postSolution
		SolutionGuid = {B5952BEE-7182-49DD-81CA-D690044F8E94}
	EndGlobalSection
EndGlobal
